
Microsoft Visual Studio Solution File, Format Version 12.00
# Visual Studio Version 16
VisualStudioVersion = 16.0.31019.35
MinimumVisualStudioVersion = 10.0.40219.1
Project("{FAE04EC0-301F-11D3-BF4B-00C04F79EFBC}") = "MatthewGrinton_Assignment2", "MatthewGrinton_Assignment2\MatthewGrinton_Assignment2.csproj", "{D090387D-4DBB-4567-852E-12FD0B28733B}"
EndProject
Global
	GlobalSection(SolutionConfigurationPlatforms) = preSolution
		Debug|Any CPU = Debug|Any CPU
		Release|Any CPU = Release|Any CPU
	EndGlobalSection
	GlobalSection(ProjectConfigurationPlatforms) = postSolution
		{D090387D-4DBB-4567-852E-12FD0B28733B}.Debug|Any CPU.ActiveCfg = Debug|Any CPU
		{D090387D-4DBB-4567-852E-12FD0B28733B}.Debug|Any CPU.Build.0 = Debug|Any CPU
		{D090387D-4DBB-4567-852E-12FD0B28733B}.Release|Any CPU.ActiveCfg = Release|Any CPU
		{D090387D-4DBB-4567-852E-12FD0B28733B}.Release|Any CPU.Build.0 = Release|Any CPU
	EndGlobalSection
	GlobalSection(SolutionProperties) = preSolution
		HideSolutionNode = FALSE
	EndGlobalSection
	GlobalSection(ExtensibilityGlobals) = postSolution
		SolutionGuid = {F795E386-3542-440F-B9A3-CEB94E966ABF}
	EndGlobalSection
EndGlobal
